(setq el-get-lock-package-versions
      '((tide :checksum "9556b440c84b3ae05c6aab768c7d83cdc74e5493")
        (typescript-mode :checksum "32b8e1b6d09b6c3fc712c8b00f794591dfc7205a")
        (protobuf-mode :checksum "dc27d96872b2992c7bbce151b627a0bfbd83e85d")
        (terraform-mode :checksum "6973d1acaba2835dfdf174f5a5e27de6366002e1")
        (hcl-mode :checksum "0f2c5ec7e7bcf77c8548e8cac8721ea935ca1b5e")
        (e2wm-perspb :checksum "3033be724cc9606337c7fc22d32a41b6d2fbeb2f")
        (dash-at-point :checksum "ed872b4fcbe02ef1a5bac0337afe19a7a747f34c")
        (esal :checksum "3f38c59a3acbd79d5964dacd6ca2c68440a4460c")
        (esa-direx :checksum "ede9e3f1dd52953e38e0edf75a97838d69460171")
        (docker-projectile-rails :checksum "9d0b86648e813afa87973712ecb50b58bfe0ad5c")
        (dockerfile-mode :checksum "3c6bc90360a2df53caad1721ee4c8285e2e22369")
        (docker :checksum "d3bdb09af10c7aa466b25e0c65a3d21fdf44514e")
        (docker-tramp :checksum "8e2b671eff7a81af43b76d9dfcf94ddaa8333a23")
        (tablist :checksum "c834a84efb6efa32497efe1e73160fade741b836")
        (hydra :checksum "38ce88a9c3be11b0431080078095159b2211ca7a")
        (realgud :checksum "a1130df3ada34e76675324a8c25823b420b20239")
        (loc-changes :checksum "4d1dcdf7631c23b1259ad4f72bf9686cf95fb46c")
        (list-utils :checksum "acf18aca1131a90f8d673974673e3c5d8fdc6a86")
        (load-relative :checksum "738896e3da491b35399178ed2c6bc92cc728d119")
        (test-simple :checksum "b3b69f52207d3a8111421ad7ab9ed82abbe85316")
        (google-c-style :checksum "e1157c50a795c6d54c6aa36ff0352d173d067957")
        (descbinds-anything :checksum "2b07a3f1ccb9eabacf35a55dacccd6d11f55f9a4")
        (anything-complete :checksum "60d8a45ac1432b69643e5c0f43f673a3e1252991")
        (robe :checksum "572a1573353b6e17748582a3d724f4caf97261e3")
        (direx :checksum "365a90c251a4675e708b42c68fa36923ec2b2896")
        (anything-config :checksum "e3edc9b406a8faca3d4a5527c9bd8aa66aba5a96")
        (php-completion :checksum "c022e9a2f3c54d97ff060bc6453167b8322a0228")
        (anything :checksum "e3a76ff2b070f2125024dbc529510d688a442947")
        (info+ :checksum "72e538502ddfc2ed870576e710569da959f99dd3")
        (shell-command :checksum "748bbffc2c89f099c5c59ae20b14e332aa242203")
        (sequential-command :checksum "2d211c05cbd630ac88bb34fe91715f76b853f138")
        (sha1-el :checksum "c5306cee96cd223df44f72aa5bcfae0f459d0885")
        (sequential-command-config :checksum "c35a1ef45d77612bc6cd1a8ad9b29f00423f433f")
        (tail :checksum "bdc944045fbec3abcacf538e0581b4f750bfcaf4")
        (sdic-inline :checksum "1c17456b3cffe79520afdee63d39db96e86f35ff")
        (sql-indent :checksum "7d5641dd68135e7070f5026c44e518266c663434")
        (shell-history :checksum "237bc8e1f528c35f415e471cb2918b6b792081b8")
        (visual-basic-mode :checksum "ca70765f45a957b21bb7ee240a95b7fa76dcb238")
        (sdic-inline-pos-tip :checksum "1c4c2adabbef3ef9be67ccedeb19f87adeea36a6")
        (popup-pos-tip :checksum "28995aadbeacb8047f1eaa7ef91410b6098fac67")
        (recentf-ext :checksum "95f81dfac24d3f67002024f0a24e6b997bf6d647")
        (open-junk-file :checksum "f87b93ec26e92dc747da43499d0cbf5ab70fd8c2")
        (save-load-path :checksum "e81fdde2076868426b8b0b4ea77f246a8d78e031")
        (redo+ :checksum "6c91a142cbb9914140c959c79bf8bdba0a0894e2")
        (perl-completion :checksum "819723865b2a3ef8eda0bf94fe9622161f2f41ef")
        (point-undo :checksum "b09bdcc64a0de08bae0838ef708c679dbc08f4c2")
        (pos-tip :checksum "92c6b81591b32a0fb3da65f6a514ddcce1d277c0")
        (grep-a-lot :checksum "6b44a0de704b880df3d6f6879c02a77abd9212e2")
        (grep-edit :checksum "b0398c6b72ed50858385797c300c512603ebbc3b")
        (hexrgb :checksum "873efa406e49b0cb27941e840848ce2f012d7956")
        (lispxmp :checksum "860a449a9e072001e142b9c331fe3c7f693e936a")
        (igrep :checksum "c6031eced993c423618dc6064ee396b07ae15214")
        (goto-chg :checksum "50e58f9e6bb0b8b8e3a24ed817ff78512a770448")
        (lcomp :checksum "ed282d8053b0afe2c87f1010422dee3e7614ece8")
        (ert-expectations :checksum "d7ad27c3cd04f4da0aaafe26f840cac2583aec20")
        (eldoc-extension :checksum "a74cfbe05115afb18b671588b7f63d37d6b2b895")
        (swiper :checksum "7ca301b444d1208dbe08060529669bafced72a41")
        (mmm-mode :checksum "631e7f12d1641cb40e650134f35f2680a1a310a1")
        (el-expectations-success-sample :checksum "5dc38b5f4330dfc534ebb577e005337a2d0eca5d")
        (el-expectations-failure-sample :checksum "1d10cd0266c66281cc707c9ada963775da5f7a10")
        (magit :checksum "81ea24782641c3000f9602cfadf6c697f0b71190")
        (tern :checksum "e5a3f048ee7c7729434918648cafc564cbb3046a")
        (yaxception :checksum "4e94cf3e0b9b5631b0e90eb4b7de597ee7185875")
        (yasnippet :checksum "5043a961215158619199cf03a85a0c063a28c644")
        (yaml-mode :checksum "1c3ade410fb0bf5b6f2140b099f0ef96836ee74e")
        (with-editor :checksum "8ae3c7aed92842f5988671c1b3350c65c58857e0")
        (window-layout :checksum "cd2e4f967b610c2bbef53182829e47250d027056")
        (widget-mvc :checksum "ff5a85880df7b87f9f480fe3c28438a0712b7b87")
        (wgrep-helm :checksum "f8099401c2c7007cdb9c3e4fc1eafb5329f72031")
        (dsvn :checksum "87610624d71223f84d30e28908ed6b985b9ce894")
        (wgrep :checksum "4e9f3d9822acab2d353c858d33ddaebb629fbfe8")
        (viewer :checksum "56dc19cfdf8361b35772b8800f298367dbfb3b51")
        (vbasense :checksum "8c61a492d7c15218ae1a96e2aebfe6f78bfff6db")
        (use-package :checksum "103b6518e66d9acb990832f02dca093a7425ca84")
        (twittering-mode :checksum "63c96fb029033b1a300b90aa922e167c7c405bcb")
        (tss :checksum "81ac6351a2ae258fd0ebf916dae9bd5a179fefd0")
        (slim-mode :checksum "869c84821cf3e556b380c5c35d8ad62287c4df58")
        (seq :checksum "cdd5d2d24a8dc12ecbd4930193a374f2d0c35901")
        (scss-mode :checksum "b010d134f499c4b4ad33fe8a669a81e9a531b0b2")
        (scala-mode :checksum "970d88eeff82df635ee12336ab1eb185585f30c6")
        (s :checksum "fc395c8d5e6c14d5e0920ab80d4d5df007eed14a")
        (rspec-mode :checksum "fe336636a57955b927b5994c8c738e21cacdc800")
        (readline-complete :checksum "30c020c37b2741160cc37e656e13c85d826a0ebf")
        (rake :checksum "e680f1a8f2591af7c80cad188340601b101b5ddc")
        (python-environment :checksum "401006584e32864a10c69d29f14414828909362e")
        (projectile-rails :checksum "af0f826f2e1b1aad4e31e089e5fc7b5937e82359")
        (projectile :checksum "19fb9fa6590e1dc49afc3c8c5bd69cff6cf743a7")
        (powerline :checksum "67538e4dbc2f1d2f270142481eb0b0d24e8cde36")
        (popwin :checksum "95dea14c60019d6cccf9a3b33e0dec4e1f22c304")
        (pophint :checksum "5d1db7c0b92862ba2cc5f3566b25840b8ce3ba59")
        (plsense-direx :checksum "8a2f465264c74e04524cc789cdad0190ace43f6c")
        (plsense :checksum "d50f9dccc98f42bdb42f1d1c8142246e03879218")
        (pkg-info :checksum "76ba7415480687d05a4353b27fea2ae02b8d9d61")
        (php-mode :checksum "11674976ee981bb05fb79c5b6de6973b53d51e98")
        (php-eldoc :checksum "792f9ed7aba709d803d8a712a472f15590517cb1")
        (pcache :checksum "025ef2411fa1bf82a9ac61dfdb7bd4cedaf2d740")
        (owdriver :checksum "d934f182bafe29aa16c173440eff3fef08b0ec10")
        (org-linkany :checksum "8cfe2f1a46e6654a79f56505349d1396263cecb3")
        (org-link-travis :checksum "596615ad8373d9090bd4138da683524f0ad0bda5")
        (org-gcal :checksum "d32031f7c488be0d9845c47cc1452d6d6489e561")
        (org-ac :checksum "41e3ef8e4039619d0370c23c66730b3b2e9e32ed")
        (moccur-edit :checksum "026f5dd4159bd1b68c430ab385757157ba01a361")
        (migemo :checksum "e4744efae1b2fdea2bbd2ceaff0f6ea0bb739f5a")
        (mayu-mode :checksum "031e57e81caeb881a0a219e2a11429795a59d845")
        (marshal :checksum "d5b6fdd97159b22d5a9dbc3b0db18a04089b3f2f")
        (markdown-mode :checksum "0f88075c9091b4120fac96aaf091ec647d2ea555")
        (mag-menu :checksum "9b9277021cd09fb1dba64b1d2a00705d20914bd6")
        (logito :checksum "824acb89d2cc18cb47281a4fbddd81ad244a2052")
        (log4e :checksum "34309972ad02abcebbcff6b1682731978aef030c")
        (json-snatcher :checksum "c4cecc0a5051bd364373aa499c47a1bb7a5ac51c")
        (json-reformat :checksum "8eb6668ed447988aea06467ba8f42e1f2178246f")
        (json-mode :checksum "c528c7784f6449a35a8c90db58cb73125c69987e")
        (js2-mode :checksum "908395e3aa413b4293b35aab9d41a56f1dbe1e04")
        (jedi-direx :checksum "7a2e677400717ed12b959cb5988e7b3fb1c12117")
        (init-loader :checksum "287da99eadfa3dd85492506db43d68324069b593")
        (inf-ruby :checksum "af4f238ef4555521d13c5eb2fb8e818acf59d70a")
        (inertial-scroll :checksum "c0bdcc3f3196610d98ea90210cc16f1e68250d15")
        (ht :checksum "8b9281611c49335e97f2b644e34aa07a47dc4b2a")
        (highlight-symbol :checksum "7a789c779648c55b16e43278e51be5898c121b3a")
        (helm-projectile :checksum "8a2dbc973548fac89356c11d70f7f474ea1367a5")
        (helm-migemo :checksum "fb1e956175c04b2cbfb57d2b697343ee82b03c27")
        (helm-git-grep :checksum "9e602f79ea58fe12c6a48ce3c2f749b817ef8c86")
        (helm-descbinds :checksum "b9220d3c263777d1a99b1cc7b0de64790c4d5366")
        (helm-ag :checksum "2fc02c4ead29bf0db06fd70740cc7c364cb650ac")
        (helm :checksum "02b381d72884e84f6734215ffe4c813dada7cff7")
        (guide-key-tip :checksum "02c5d4b0b65f3e91be5a47f0ff1ae5e86e00c64e")
        (guide-key :checksum "9236d287a7272e307fb941237390a96037c8c0a2")
        (google-translate :checksum "52d34c96b400b1b933c727933279f79256951b19")
        (go-projectile :checksum "4c449eae696d4e3a15078c336c98ea779da227ab")
        (go-mode :checksum "99b06da201afb91e8db0c525c0f3c3590fd92fa6")
        (go-eldoc :checksum "cbbd2ea1e94a36004432a9ac61414cb5a95a39bd")
        (go-autocomplete :checksum "1ed1baa46aeda2ce7de181161d4e2d369a740ce1")
        (git-gutter :checksum "00c05264af046b5ce248e5b0bc42f117d9c27a09")
        (gh :checksum "6a76836a2ed1ebc3380dcfbe2b46786abf905fab")
        (genrnc :checksum "da75b1966a73ad215ec2ced4522c25f4d0bf1f9a")
        (fuzzy :checksum "534d723ad2e06322ff8d9bd0ba4863d243f698e7")
        (flycheck-pos-tip :checksum "88b5a6d7ce0f313cbd22d554ea248aab95357d33")
        (flycheck-cask :checksum "c3a51147eddeb7347de81f6a498fc96538bac499")
        (flycheck :checksum "794e339ab3bae5fa033b3c4913ab24ddad49dc2e")
        (flex-autopair :checksum "4bb757f2556a4a51828e2fed8fb81e31e83052cb")
        (fill-column-indicator :checksum "0e755319451dd9c6c99c2a2ef82c890ba93343b6")
        (f :checksum "fabdbd4a4a8caf8684f0fa656f457a03c5dfa4de")
        (exec-path-from-shell :checksum "c6eedaf916f763a68cbb7fdaf9c7af568546d4b9")
        (epl :checksum "a5ad061d0a5eb42f66c384e55d102da7d52c96b0")
        (epc :checksum "76fe6847a341f78c635164c18908a0b691f7212c")
        (emojify :checksum "4f365dc562c8c5642719faf85b7536278c561d2e")
        (emoji-fontset :checksum "10be897fa5165fd40fd35a89e38c759e008fa775")
        (emacs-emoji-cheat-sheet-plus :checksum "96a003127d646a2683d81ca906a17eace0a6413e")
        (emacs-async :checksum "666066d30a420d86801d8380f5991f2b82471107")
        (el-mock :checksum "9e4d0921791cd04917613d8e3d06342ead129777")
        (edbi :checksum "6f50aaf4bde75255221f2292c7a4ad3fa9d918c0")
        (e2wm-term :checksum "65b5ac88043d5c4048920a048f3599904ca55981")
        (e2wm-sww :checksum "1063f9854bd34db5ac771cd1036cecc89834729d")
        (e2wm-pkgex4pl :checksum "7ea994450727190c4f3cb46cb429ba41b692ecc0")
        (e2wm-edbi :checksum "6f50aaf4bde75255221f2292c7a4ad3fa9d918c0")
        (e2wm-direx :checksum "b47f19d15436cc28233a812a1150689f61d11046")
        (e2wm :checksum "4353d3394c77a49f8f0291c239858c8c5e877549")
        (docker-robe :checksum "49a70f30d2d01f99f3ebda2677788adbeaffb025")
        (direx-grep :checksum "1109a512a80b2673a70b18b8568514049017faad")
        (deferred :checksum "7f2bb81e75db895c99611a7a9fbde7c239b757ba")
        (dropdown-list :checksum "2948c12cd880e9874057d96c108139afcd63c672")
        (el-expectations :checksum "4dd88858d60ece3e4346f6a73c985d8e9d75c597")
        (diminish :checksum "73669b69e5f9a0c9261c5b53624329d0e24d1ed8")
        (date-field :checksum "11c9170d1f7b343233f7716d4c0a62be024c1654")
        (dash :checksum "98e819e407bbc35478cde30a74be15f077bd6d4b")
        (ctable :checksum "cd673a09a80ce4e9e102ffe2e3d7e6bfb9d652b0")
        (counsel-projectile :checksum "aefd25c74718e66f180127c0d273eade887325b0")
        (company-tern :checksum "10ac058b065ae73c1f30e9fb7d969dd1a79387be")
        (company-statistics :checksum "e62157d43b2c874d2edbd547c3bdfb05d0a7ae5c")
        (company-quickhelp :checksum "a6eaf04e31af9e0d2f47c4c1439fc586f91d0a62")
        (company-mode :checksum "f1499404163d8148e7a6303a8598f9c0f696d1cb")
        (company-emoji :checksum "8dc88ffe0773ef44321f245d39430c14a1bc2b82")
        (color-moccur :checksum "4f1c59ffd1ccc2ab1a171cd6b721e8cb9e002fb7")
        (coffee-mode :checksum "86ab8aae8662e8eff54d3013010b9c693b16eac5")
        (chumpy-windows :checksum "164be41b588b615864258c502583100d3ccfe13e")
        (caskxy :checksum "dc18dcab7ed526070ab76de071c9c5272e6ac40e")
        (calfw :checksum "136dce009a26e7d8a8064af422c2cf8170e852c5")
        (c-eldoc :checksum "2232000692f6f891456fecf23c538d5b47302a60")
        (bundle :checksum "30ef203f289447b9c50e318617c53c2329aaf451")
        (bts-github :checksum "ef2cf9202dc2128e5efdb613bfde9276a8cd95ad")
        (bts :checksum "df42d58a36447697f93b56e69f5e700b2baef1f9")
        (jedi :checksum "b0764f425766786dfb1bff910ed1d1670f11eb9c")
        (popup :checksum "80829dd46381754639fb764da11c67235fe63282")
        (request :checksum "48a35969f7c41810d550e6cdf784cb86c5a05a20")
        (csharp-mode :checksum "adc83b19e793491b1c6ea0fd8b46cd9f32e592fc")
        (cygwin-mount :checksum "1bbc74fa3c630bf0151060aeeed64e38b86d9550")
        (ruby-block :checksum "289c34dca6daa1a1591537e1c56b687c14631930")
        (background :checksum "b67e9c2585e7ca62b451612bd036e914976d229d")
        (auto-async-byte-compile :checksum "fa6e07af93a4ab1c092f7811f3d4732f4874bce3")
        (anything-show-completion :checksum "4eb19d914ee4f9e716a1f1abf8235d5930e9d539")
        (auto-install :checksum "4c7626db5ec2fd3be5ee075887ec2af59c6b7e26")
        (anything-migemo :checksum "28edb511b531f24fb29e551ef8243c0da34b3ed1")
        (anything-obsolete :checksum "1c773aab57cdc9d372eeaf214083f5e2e115e139")
        (autodoc :checksum "34eba36d68ea6be3006ce67f25732fbdb4a330cb")
        (anything-grep :checksum "39b3e7a575d7c70f63470419e71fba266cea832c")
        (anything-match-plugin :checksum "9ab893b751abaa989a36d9ba4191f2e778437ce9")
        (anything-menu :checksum "1f9cd5f24196cfbdd4146dcfd1ef7427c0c4bc92")
        (alert :checksum "fa9e6917c48e5338f3ed81226e1e5e5ec21563fb")
        (ag :checksum "754d0fea35059c583b9613c7924cebba74fe1319")
        (anything-auto-install :checksum "142ba5f047892693df0bdb5085a2b00a48899d0e")
        (auto-complete-nxml :checksum "ac7b09a23e45f9bd02affb31847263de4180163a")
        (auto-complete :checksum "2e83566ddfa758c69afe50b8a1c62a66f47471e3")
        (anything-replace-string :checksum "1962f24243d6013bcef7e8d23136277d42e13130")
        (anything-hatena-bookmark :checksum "2cc96c5e2ad9f776e5229c63dc6d0174f157ec42")
        (el-get-lock :checksum "df8cfe55441695865a64b97946750b6413a40425")))
(setq el-get-lock-locked-packages 'nil)
(setq el-get-lock-unlocked-packages
      '(el-get))
