(setq el-get-lock-package-versions
      '((swiper :checksum "201c5d78c4985fb803eb681cca0ccc5a4f90b717")
        (realgud :checksum "2ae8fbf087aa7f1ecb51f7ecaa71cc54094ff5e0")
        (test-simple :checksum "b3b69f52207d3a8111421ad7ab9ed82abbe85316")
        (mozc-el-extensions :checksum "060797a6e570cf21c274edfcb14a26e710a5449e")
        (anything-replace-string :checksum "1962f24243d6013bcef7e8d23136277d42e13130")
        (anything-grep :checksum "39b3e7a575d7c70f63470419e71fba266cea832c")
        (descbinds-anything :checksum "2b07a3f1ccb9eabacf35a55dacccd6d11f55f9a4")
        (anything-auto-install :checksum "142ba5f047892693df0bdb5085a2b00a48899d0e")
        (auto-install :checksum "4c7626db5ec2fd3be5ee075887ec2af59c6b7e26")
        (anything-complete :checksum "60d8a45ac1432b69643e5c0f43f673a3e1252991")
        (anything-migemo :checksum "28edb511b531f24fb29e551ef8243c0da34b3ed1")
        (anything-match-plugin :checksum "9ab893b751abaa989a36d9ba4191f2e778437ce9")
        (anything-config :checksum "e3edc9b406a8faca3d4a5527c9bd8aa66aba5a96")
        (anything-show-completion :checksum "4eb19d914ee4f9e716a1f1abf8235d5930e9d539")
        (anything-obsolete :checksum "1c773aab57cdc9d372eeaf214083f5e2e115e139")
        (anything-menu :checksum "1f9cd5f24196cfbdd4146dcfd1ef7427c0c4bc92")
        (ruby-end :checksum "79b4ea788b9cae9282da809507d0a56aa9c057c8")
        (tern :checksum "56554566ee78c03626dd8509d0c6feb476b3a207")
        (diminish :checksum "73669b69e5f9a0c9261c5b53624329d0e24d1ed8")
        (mag-menu :checksum "9b9277021cd09fb1dba64b1d2a00705d20914bd6")
        (chumpy-windows :checksum "6bdb51e9a346907d60a9625f6180bddd06be6674")
        (dropdown-list :checksum "2948c12cd880e9874057d96c108139afcd63c672")
        (hexrgb :checksum "4df05209b01ef386b2846841ed8652ba4832ad2a")
        (owdriver :checksum "d934f182bafe29aa16c173440eff3fef08b0ec10")
        (smartrep :checksum "f0ff5a6d7b8603603598ae3045c98b011e58d86e")
        (guide-key-tip :checksum "02c5d4b0b65f3e91be5a47f0ff1ae5e86e00c64e")
        (guide-key :checksum "9236d287a7272e307fb941237390a96037c8c0a2")
        (caskxy :checksum "dc18dcab7ed526070ab76de071c9c5272e6ac40e")
        (el-expectations-failure-sample :checksum "1d10cd0266c66281cc707c9ada963775da5f7a10")
        (el-expectations-success-sample :checksum "5dc38b5f4330dfc534ebb577e005337a2d0eca5d")
        (el-expectations :checksum "4dd88858d60ece3e4346f6a73c985d8e9d75c597")
        (ert-expectations :checksum "d7ad27c3cd04f4da0aaafe26f840cac2583aec20")
        (el-mock :checksum "5df1d3a956544f1d3ad0bcd81daf47fff33ab8cc")
        (lispxmp :checksum "860a449a9e072001e142b9c331fe3c7f693e936a")
        (save-load-path :checksum "e81fdde2076868426b8b0b4ea77f246a8d78e031")
        (anything-hatena-bookmark :checksum "2cc96c5e2ad9f776e5229c63dc6d0174f157ec42")
        (sha1-el :checksum "c5306cee96cd223df44f72aa5bcfae0f459d0885")
        (helm-descbinds :checksum "033be73f21778633813264ce1634a6e1ad873d8e")
        (helm-migemo :checksum "66c6a19d07c6a385daefd2090d0709d26b608b4e")
        (git-gutter :checksum "00c05264af046b5ce248e5b0bc42f117d9c27a09")
        (dsvn :checksum "87610624d71223f84d30e28908ed6b985b9ce894")
        (twittering-mode :checksum "114891e8fdb4f06b1326a6cf795e49c205cf9e29")
        (websocket :checksum "0d96ba2ff5a25c6cd6c66f417cc9b5f38a4308ba")
        (org-gcal :checksum "bdc704842da000a1cffb8f155ef3887c5e1d0446")
        (org-linkany :checksum "8cfe2f1a46e6654a79f56505349d1396263cecb3")
        (org-link-travis :checksum "596615ad8373d9090bd4138da683524f0ad0bda5")
        (org-ac :checksum "41e3ef8e4039619d0370c23c66730b3b2e9e32ed")
        (auto-complete-pcmp :checksum "2595d3dab1ef3549271ca922f212928e9d830eec")
        (org-redmine :checksum "e77d013bc3784947c46a5c53f03cd7d3c68552fc")
        (esa-direx :checksum "7661ad7b57df7a26cd442ae7b348caf6a1e53186")
        (esal :checksum "520cf0b2750a8b33bc4e1fea029ad0992fb8e714")
        (sdic-inline-pos-tip :checksum "1c4c2adabbef3ef9be67ccedeb19f87adeea36a6")
        (sdic-inline :checksum "1c17456b3cffe79520afdee63d39db96e86f35ff")
        (e2wm-edbi :checksum "6f50aaf4bde75255221f2292c7a4ad3fa9d918c0")
        (edbi :checksum "6f50aaf4bde75255221f2292c7a4ad3fa9d918c0")
        (dash-at-point :checksum "4d795a23a8428c421d5107f1b005c9d8e0d1816c")
        (date-field :checksum "11c9170d1f7b343233f7716d4c0a62be024c1654")
        (bts-github :checksum "ef2cf9202dc2128e5efdb613bfde9276a8cd95ad")
        (bts :checksum "df42d58a36447697f93b56e69f5e700b2baef1f9")
        (widget-mvc :checksum "ff5a85880df7b87f9f480fe3c28438a0712b7b87")
        (gh :checksum "f029fc11f345ef04ab62ee91c38657e29c462fea")
        (marshal :checksum "f038689cbd5b3680b80b44edd0c7a63ca3038e26")
        (request :checksum "48a35969f7c41810d550e6cdf784cb86c5a05a20")
        (logito :checksum "824acb89d2cc18cb47281a4fbddd81ad244a2052")
        (pcache :checksum "1f8086077d770e524492e6fa59b07856e85a6fea")
        (mmm-mode :checksum "ff0b214f27d5dddeb856acb4216e77a864dcc0b2")
        (emoji-fontset :checksum "10be897fa5165fd40fd35a89e38c759e008fa775")
        (company-emoji :checksum "f0d91d5be0077b20b418a3ba37d36f431fae322f")
        (emojify :checksum "f2edcba0f6b19717e38a3e96adc8adc262f3b5a5")
        (ht :checksum "8ec3eb96ee63430fb24257e4aa8169b50cb7be12")
        (emacs-emoji-cheat-sheet-plus :checksum "96a003127d646a2683d81ca906a17eace0a6413e")
        (yaml-mode :checksum "40067a10ac1360f0b9533f0bbbb2eea128e2574d")
        (vbasense :checksum "8c61a492d7c15218ae1a96e2aebfe6f78bfff6db")
        (visual-basic-mode :checksum "e7f1d1c5c9d63942eaaa3539b21a79fc6418f963")
        (tide :checksum "2d17c051cccd248a980575caf5728f4d5c986b30")
        (typescript-mode :checksum "69607202bcbe6a7f3385166ef8f83fe658f7e513")
        (terraform-mode :checksum "6973d1acaba2835dfdf174f5a5e27de6366002e1")
        (hcl-mode :checksum "0f2c5ec7e7bcf77c8548e8cac8721ea935ca1b5e")
        (sql-indent :checksum "7d5641dd68135e7070f5026c44e518266c663434")
        (rspec-mode :checksum "bcae3ec163c62c059eacc8765b01d4cead70ca33")
        (slim-mode :checksum "3636d18ab1c8b316eea71c4732eb44743e2ded87")
        (docker-projectile-rails :checksum "9d0b86648e813afa87973712ecb50b58bfe0ad5c")
        (docker :checksum "eae8586b65289bc0e6a556d1aeb633663bdcd029")
        (magit :checksum "d866fb3624bdeb87f0c56e359239e4474362d0af")
        (ghub :checksum "db15d00d01b8bd9187079a0b538d878d241743a8")
        (treepy :checksum "b40e6b09eb9be45da67b8c9e4990a5a0d7a2a09d")
        (graphql :checksum "e2b309689f4faf9225f290080f836e988c5a576d")
        (with-editor :checksum "9dd9f176d96abc60365369de6d08c26c414ef1f3")
        (magit-popup :checksum "8eaa0becc2370484a432a8a19f40ce5e8d0f1642")
        (tablist :checksum "c834a84efb6efa32497efe1e73160fade741b836")
        (docker-tramp :checksum "8e2b671eff7a81af43b76d9dfcf94ddaa8333a23")
        (projectile-rails :checksum "af0f826f2e1b1aad4e31e089e5fc7b5937e82359")
        (jump :checksum "e4f1372cf22e811faca52fc86bdd5d817498a4d8")
        (docker-robe :checksum "5e97f03f7816d22cee2d64f1352512bf988fc99b")
        (robe :checksum "6d48de63486e47343d6242f5d11827efbe553f25")
        (inf-ruby :checksum "49d59a7897f594e3be74ecbddae83719f9a6c0f0")
        (rake :checksum "9c204334b03b4e899fadae6e59c20cf105404128")
        (f :checksum "de6d4d40ddc844eee643e92d47b9d6a63fbebb48")
        (ruby-block :checksum "289c34dca6daa1a1591537e1c56b687c14631930")
        (jedi-direx :checksum "7a2e677400717ed12b959cb5988e7b3fb1c12117")
        (jedi :checksum "615544c6ca81bbc53140aefe345e2120110c1660")
        (epc :checksum "e1bfa5ca163273859336e3cc89b4b6460f7f8cda")
        (ctable :checksum "b8830d1ca95abb100a81bc32011bd17d5ecba000")
        (python-environment :checksum "401006584e32864a10c69d29f14414828909362e")
        (protobuf-mode :checksum "dc27d96872b2992c7bbce151b627a0bfbd83e85d")
        (php-mode :checksum "a459051036d7c0bedcbf54b904e30d4bc7179ad8")
        (php-eldoc :checksum "792f9ed7aba709d803d8a712a472f15590517cb1")
        (php-completion :checksum "c022e9a2f3c54d97ff060bc6453167b8322a0228")
        (e2wm-pkgex4pl :checksum "7ea994450727190c4f3cb46cb429ba41b692ecc0")
        (plsense-direx :checksum "8a2f465264c74e04524cc789cdad0190ace43f6c")
        (plsense :checksum "d50f9dccc98f42bdb42f1d1c8142246e03879218")
        (perl-completion :checksum "819723865b2a3ef8eda0bf94fe9622161f2f41ef")
        (mayu-mode :checksum "031e57e81caeb881a0a219e2a11429795a59d845")
        (markdown-mode :checksum "906e97d6e211129d4b7674a5efc416849bc7e43e")
        (company-tern :checksum "10ac058b065ae73c1f30e9fb7d969dd1a79387be")
        (company-mode :checksum "b696b3943d2a55aed937cb0ba971d6e29b2e3a8b")
        (json-mode :checksum "ffc92b1eefc54963703b43be140f4c8c8ad348f7")
        (json-snatcher :checksum "c4cecc0a5051bd364373aa499c47a1bb7a5ac51c")
        (json-reformat :checksum "8eb6668ed447988aea06467ba8f42e1f2178246f")
        (js2-mode :checksum "5165f4dc3805add174e48f0d64c5617d10ac3507")
        (kotlin-mode :checksum "002dd1497ce7fb7266729cb2c9284cc945988411")
        (scala-mode :checksum "56cba2903cf6e12c715dbb5c99b34c97b2679379")
        (loc-changes :checksum "4d1dcdf7631c23b1259ad4f72bf9686cf95fb46c")
        (list-utils :checksum "acf18aca1131a90f8d673974673e3c5d8fdc6a86")
        (load-relative :checksum "738896e3da491b35399178ed2c6bc92cc728d119")
        (google-c-style :checksum "e1157c50a795c6d54c6aa36ff0352d173d067957")
        (genrnc :checksum "da75b1966a73ad215ec2ced4522c25f4d0bf1f9a")
        (auto-complete-nxml :checksum "ac7b09a23e45f9bd02affb31847263de4180163a")
        (go-autocomplete :checksum "6cac7c69a41e16440d3f9b0de838e018ef4711f9")
        (go-projectile :checksum "7910884b4de560f3fc70b53752f658ef9cdc02cd")
        (go-eldoc :checksum "cbbd2ea1e94a36004432a9ac61414cb5a95a39bd")
        (go-mode :checksum "120fb911f1d8038f828da85eed8aaad977dabd8c")
        (autodoc :checksum "34eba36d68ea6be3006ce67f25732fbdb4a330cb")
        (eldoc-extension :checksum "a74cfbe05115afb18b671588b7f63d37d6b2b895")
        (dockerfile-mode :checksum "7223d92718f78fa3ab15667cdb2ed90cfeb579e7")
        (scss-mode :checksum "cf58dbec5394280503eb5502938f3b5445d1b53d")
        (coffee-mode :checksum "86ab8aae8662e8eff54d3013010b9c693b16eac5")
        (c-eldoc :checksum "e35c0e40f71c25804919f6c01fd27e95c2e2adb7")
        (helm-projectile :checksum "8a2dbc973548fac89356c11d70f7f474ea1367a5")
        (counsel-projectile :checksum "2ce0efe47622b0e85864f778efe14b201b1ebc08")
        (projectile :checksum "19fb9fa6590e1dc49afc3c8c5bd69cff6cf743a7")
        (flycheck :checksum "baf96df4d1c3e61bf62f15fbea05a880d1e49e45")
        (pkg-info :checksum "76ba7415480687d05a4353b27fea2ae02b8d9d61")
        (epl :checksum "78ab7a85c08222cd15582a298a364774e3282ce6")
        (e2wm-direx :checksum "b47f19d15436cc28233a812a1150689f61d11046")
        (direx-grep :checksum "1109a512a80b2673a70b18b8568514049017faad")
        (direx :checksum "365a90c251a4675e708b42c68fa36923ec2b2896")
        (google-translate :checksum "17a1ddc074b96cdc3b8199ccb06824a7a95bf9ff")
        (popwin :checksum "95dea14c60019d6cccf9a3b33e0dec4e1f22c304")
        (pophint :checksum "909025c5a871ca4b9ec7aed7f1a27c819a94dba1")
        (yasnippet :checksum "1d96da2e08664c31ff7f6f7441da1f4fa5680b1f")
        (e2wm-perspb :checksum "a6c4c99bd7f4f9b5ce66b29385937eb59f054d4a")
        (e2wm-term :checksum "65b5ac88043d5c4048920a048f3599904ca55981")
        (log4e :checksum "c69424e407be0d9d0e54b427d8b18b1ac5a607e2")
        (yaxception :checksum "4e94cf3e0b9b5631b0e90eb4b7de597ee7185875")
        (e2wm-sww :checksum "1063f9854bd34db5ac771cd1036cecc89834729d")
        (e2wm :checksum "4353d3394c77a49f8f0291c239858c8c5e877549")
        (deferred :checksum "2239671d94b38d92e9b28d4e12fd79814cfb9c16")
        (window-layout :checksum "cd2e4f967b610c2bbef53182829e47250d027056")
        (company-statistics :checksum "e62157d43b2c874d2edbd547c3bdfb05d0a7ae5c")
        (company-quickhelp :checksum "479676cade80a9f03802ca3d956591820ed5c537")
        (popup-pos-tip :checksum "28995aadbeacb8047f1eaa7ef91410b6098fac67")
        (migemo :checksum "e4744efae1b2fdea2bbd2ceaff0f6ea0bb739f5a")
        (calfw :checksum "03abce97620a4a7f7ec5f911e669da9031ab9088")
        (tail :checksum "bdc944045fbec3abcacf538e0581b4f750bfcaf4")
        (sequential-command-config :checksum "c35a1ef45d77612bc6cd1a8ad9b29f00423f433f")
        (sequential-command :checksum "2d211c05cbd630ac88bb34fe91715f76b853f138")
        (inertial-scroll :checksum "c0bdcc3f3196610d98ea90210cc16f1e68250d15")
        (pos-tip :checksum "051e08fec5cf30b7574bdf439f79fef7d42d689d")
        (anything-c-moccur :checksum "e697d1c6504fc9e387661fed0dcb00f4101877f1")
        (anything :checksum "9e2259fc779eef1a3e947e74cc7d301d1cea0ca6")
        (moccur-edit :checksum "026f5dd4159bd1b68c430ab385757157ba01a361")
        (color-moccur :checksum "4f1c59ffd1ccc2ab1a171cd6b721e8cb9e002fb7")
        (open-junk-file :checksum "f87b93ec26e92dc747da43499d0cbf5ab70fd8c2")
        (goto-chg :checksum "c664d8787939dfdf060d0b4cfe1240aeee62ffc8")
        (point-undo :checksum "b09bdcc64a0de08bae0838ef708c679dbc08f4c2")
        (fill-column-indicator :checksum "d2536b1c48f78679e15a2b50cd5d8c0ffde4b155")
        (auto-async-byte-compile :checksum "fa6e07af93a4ab1c092f7811f3d4732f4874bce3")
        (alert :checksum "9f329be87820474925f29b52a1131084c8ea95b9")
        (redo+ :checksum "6c91a142cbb9914140c959c79bf8bdba0a0894e2")
        (recentf-ext :checksum "95f81dfac24d3f67002024f0a24e6b997bf6d647")
        (flex-autopair :checksum "4bb757f2556a4a51828e2fed8fb81e31e83052cb")
        (info+ :checksum "82360b2adb09a465b5c03775b4f115a4ab9b7739")
        (helm-git-grep :checksum "744cea07dba6e6a5effbdba83f1b786c78fd86d3")
        (helm-ag :checksum "2fc02c4ead29bf0db06fd70740cc7c364cb650ac")
        (helm :checksum "598992f3490f8fa1b90dbf01e76b6e916de294bb")
        (emacs-async :checksum "d17c11e6082aa51f421bb037b828bdb15f405618")
        (wgrep-helm :checksum "414be70bd313e482cd9f0b70fd2daad4ee23497c")
        (wgrep :checksum "414be70bd313e482cd9f0b70fd2daad4ee23497c")
        (ag :checksum "77b4f50c5372bf219da496567b2b867261f0d354")
        (dash :checksum "6514359b8606a6a9a94068ccd601fcd6379d6584")
        (s :checksum "03410e6a7a2b11e47e1fea3b7d9899c7df26435e")
        (grep-edit :checksum "b0398c6b72ed50858385797c300c512603ebbc3b")
        (grep-a-lot :checksum "6b44a0de704b880df3d6f6879c02a77abd9212e2")
        (igrep :checksum "c6031eced993c423618dc6064ee396b07ae15214")
        (lcomp :checksum "ed282d8053b0afe2c87f1010422dee3e7614ece8")
        (viewer :checksum "6c8db025bf4021428f7f2c3ef9d74fb13f5d267a")
        (background :checksum "73872eecb4530b11dcdeba9ef338634de531988f")
        (exec-path-from-shell :checksum "9bc0f4a762f16d488376fb52409c58239a86d75d")
        (shell-history :checksum "237bc8e1f528c35f415e471cb2918b6b792081b8")
        (shell-command :checksum "748bbffc2c89f099c5c59ae20b14e332aa242203")
        (readline-complete :checksum "30c020c37b2741160cc37e656e13c85d826a0ebf")
        (auto-complete :checksum "2e83566ddfa758c69afe50b8a1c62a66f47471e3")
        (popup :checksum "80829dd46381754639fb764da11c67235fe63282")
        (fuzzy :checksum "534d723ad2e06322ff8d9bd0ba4863d243f698e7")
        (highlight-symbol :checksum "7a789c779648c55b16e43278e51be5898c121b3a")
        (powerline :checksum "af5ef31a33c3589a9be0b2a55a2741582e605efd")
        (hydra :checksum "67098cc9149854a95b589c3763843eabc82c9b2d")
        (cygwin-mount :checksum "1bbc74fa3c630bf0151060aeeed64e38b86d9550")
        (init-loader :checksum "5d3cea1004c11ff96b33020e337b03b925c67c42")
        (use-package :checksum "39a8b8812c2c9f6f0b299e6a04e504ef393694ce")
        (el-get-lock :checksum "df8cfe55441695865a64b97946750b6413a40425")))
(setq el-get-lock-locked-packages 'nil)
(setq el-get-lock-unlocked-packages
      '(el-get))
