(setq el-get-lock-package-versions
      '((yaml :checksum "73fde9d8fbbaf2596449285df9eb412ae9dd74d9")
        (yaml-mode :checksum "9969207f60b69e42c573a63764faeb9caaccb2bf")
        (ghub :checksum "f07790b36beb563d5b87be896efbd3b8533f2acf")
        (treepy :checksum "de1a2ddc3fd7152d0bfbd9e14312ff8a4864ab2b")
        (git-gutter :checksum "ec28e85d237065cb3c28db4b66d129da6d309f9c")
        (magit :checksum "557ab2c0620930afc0b1da3453c42fa2b5d86145")
        (transient :checksum "097f5be6e0c228790a6e78ffee5f0c599cb58b20")
        (with-editor :checksum "1d5860cfd05d6805018bd071b8f9b56493ba11c6")
        (git-modes :checksum "eca3bb42ea8abed9ef8549b2ac91bbea445c5bb5")
        (dsvn :checksum "87610624d71223f84d30e28908ed6b985b9ce894")
        (docker-tramp :checksum "930d7b46c180d8a13240a028c1b40af84f2a3219")
        (dockerfile-mode :checksum "52c6c00da1d31c0b6c29c74335b3af63ed6bf06c")
        (yard-mode :checksum "ef3426ff55b6e91d581c8da12f5f64855d932527")
        (rspec-mode :checksum "484f0bab468674852aaf3e0ad0c3b3d4335d4316")
        (projectile-rails :checksum "2a0107e83d8320507e288c853e0762bec110cd15")
        (rake :checksum "452ea0caca33376487103c64177c295ed2960cca")
        (jump :checksum "55caa66a7cc6e0b1a76143fd40eff38416928941")
        (inf-ruby :checksum "eb7bf95d5b03bdb9b28647c89ea0a73e35fe0ad1")
        (ruby-end :checksum "79b4ea788b9cae9282da809507d0a56aa9c057c8")
        (ruby-block :checksum "289c34dca6daa1a1591537e1c56b687c14631930")
        (eldoc-extension :checksum "a74cfbe05115afb18b671588b7f63d37d6b2b895")
        (yasnippet :checksum "5cbdbf0d2015540c59ed8ee0fcf4788effdf75b6")
        (google-translate :checksum "e60dd6eeb9cdb931d9d8bfbefc29a48ef9a21bd9")
        (lsp-ui :checksum "3cd7cc61273341023b863dcf45906ac9142fd1aa")
        (open-junk-file :checksum "f87b93ec26e92dc747da43499d0cbf5ab70fd8c2")
        (flycheck :checksum "d72c29fec85f1da6584475d88c1265f80e1275ad")
        (dap-mode :checksum "2879578abf72bf734675ce70e8dc977e1f43eca5")
        (lsp-treemacs :checksum "2894e6dec583eaa77037627e9d8c3bc89cf7273d")
        (treemacs :checksum "12e0393163c290cd04667e18275f2f6368bf3286")
        (pfuture :checksum "19b53aebbc0f2da31de6326c495038901bffb73c")
        (lsp-mode :checksum "89b0e87d5ad489aaaefc643966d146ef7ac8e57b")
        (markdown-mode :checksum "92d037504742cb3e579f1f488bc3fc23c648ff29")
        (spinner :checksum "d4647ae87fb0cd24bc9081a3d287c860ff061c21")
        (ht :checksum "cdc76669a5032c42a2b9f7cddcbc33c5deeb6beb")
        (ace-window :checksum "77115afc1b0b9f633084cf7479c767988106c196")
        (avy :checksum "955c8dedd68c74f3cf692c1249513f048518c4c9")
        (bui :checksum "f3a137628e112a91910fd33c0cff0948fa58d470")
        (tree-mode :checksum "56a765fe2023909b37d430ab1fc70963fb41c845")
        (projectile :checksum "683862872462c1c3c68fa41e370817399c15f836")
        (pkg-info :checksum "76ba7415480687d05a4353b27fea2ae02b8d9d61")
        (epl :checksum "78ab7a85c08222cd15582a298a364774e3282ce6")
        (e2wm-perspb :checksum "59807bf9ba6158e4a1a1eeb6ebfdfd2d7d8d0ae7")
        (owdriver :checksum "9ea09a109a9aa23b871677c8ca87b25877e5054c")
        (smartrep :checksum "f0ff5a6d7b8603603598ae3045c98b011e58d86e")
        (e2wm-term :checksum "74362d6271e736272df32ea807c5a22e4df54a50")
        (e2wm-sww :checksum "8926d0c70be05c7b4ef821e22e411e8813973687")
        (e2wm-direx :checksum "5672bc44d8e5cea6bc3b84c3b58e522050ffae0e")
        (e2wm :checksum "4353d3394c77a49f8f0291c239858c8c5e877549")
        (window-layout :checksum "cd2e4f967b610c2bbef53182829e47250d027056")
        (direx-grep :checksum "1109a512a80b2673a70b18b8568514049017faad")
        (direx :checksum "365a90c251a4675e708b42c68fa36923ec2b2896")
        (pophint :checksum "05b90d289460020ff77b3c17a1e87eae5b0384e6")
        (log4e :checksum "737d275eac28dbdfb0b26d28e99da148bfce9d16")
        (yaxception :checksum "4e94cf3e0b9b5631b0e90eb4b7de597ee7185875")
        (embark-consult :checksum "2422d4e86f24b2b4204f2441f953e8407d011a2e")
        (cape :checksum "c976301286df7120863fe31b3224a7b22c8cf550")
        (consult :checksum "5532b80e11163baebdc11ede5c9f3d9c3b332cc3")
        (tail :checksum "16b3f3df6b97954d5b84bec81ebb1469c008eb80")
        (sequential-command :checksum "2d211c05cbd630ac88bb34fe91715f76b853f138")
        (inertial-scroll :checksum "c0bdcc3f3196610d98ea90210cc16f1e68250d15")
        (redo+ :checksum "6c91a142cbb9914140c959c79bf8bdba0a0894e2")
        (recentf-ext :checksum "95f81dfac24d3f67002024f0a24e6b997bf6d647")
        (pos-tip :checksum "bfe74204d1201a33ace81898e7c485382817510a")
        (popwin :checksum "2165d34df8884c8308ff31f3dbc8b13825ede6c8")
        (flex-autopair :checksum "4bb757f2556a4a51828e2fed8fb81e31e83052cb")
        (yaol :checksum "941bb170903a1d93a802c8df08f02d5b3dcd3d60")
        (moccur-edit :checksum "026f5dd4159bd1b68c430ab385757157ba01a361")
        (color-moccur :checksum "4f1c59ffd1ccc2ab1a171cd6b721e8cb9e002fb7")
        (migemo :checksum "f756cba3d5268968da361463c2e29b3a659a3de7")
        (goto-chg :checksum "278cd3e6d5107693aa2bb33189ca503f22f227d0")
        (undo-tree :checksum "2bf5e230f1d11df7bbd9d8c722749e34482bc458")
        (point-undo :checksum "b09bdcc64a0de08bae0838ef708c679dbc08f4c2")
        (wgrep-ag :checksum "f9687c28bbc2e84f87a479b6ce04407bb97cfb23")
        (ag :checksum "ed7e32064f92f1315cecbfc43f120bbc7508672c")
        (wgrep :checksum "f9687c28bbc2e84f87a479b6ce04407bb97cfb23")
        (grep-a-lot :checksum "6b44a0de704b880df3d6f6879c02a77abd9212e2")
        (igrep :checksum "c6031eced993c423618dc6064ee396b07ae15214")
        (fill-column-indicator :checksum "c35f9de072c241699b57bcb46da84bed5af29cfe")
        (alert :checksum "2c11cf9374f88bfc657764afe39ec7f6bad1779d")
        (viewer :checksum "6c8db025bf4021428f7f2c3ef9d74fb13f5d267a")
        (ansi-color :checksum "c689a2e227989c6f72158862e86a981f4647a7a2")
        (highlight-symbol :checksum "7a789c779648c55b16e43278e51be5898c121b3a")
        (mozc-isearch :checksum "060797a6e570cf21c274edfcb14a26e710a5449e")
        (doom-modeline :checksum "8cad5410969f7a4957cb54abe48b9a92abc1041d")
        (shrink-path :checksum "c14882c8599aec79a6e8ef2d06454254bb3e1e41")
        (eldoc-eval :checksum "e91800503c90cb75dc70abe42f1d6ae499346cc1")
        (all-the-icons :checksum "51bf77da1ebc3c199dfc11f54c0dce67559f5f40")
        (memoize :checksum "51b075935ca7070f62fae1d69fe0ff7d8fa56fdd")
        (mozc-cursor-color :checksum "060797a6e570cf21c274edfcb14a26e710a5449e")
        (popup :checksum "5420f7fbdc1df31d3158bcb57d1ed9cf15a4c8ef")
        (deferred :checksum "2239671d94b38d92e9b28d4e12fd79814cfb9c16")
        (diminish :checksum "73669b69e5f9a0c9261c5b53624329d0e24d1ed8")
        (mag-menu :checksum "9b9277021cd09fb1dba64b1d2a00705d20914bd6")
        (chumpy-windows :checksum "6bdb51e9a346907d60a9625f6180bddd06be6674")
        (dropdown-list :checksum "2948c12cd880e9874057d96c108139afcd63c672")
        (fuzzy :checksum "2542822ce7acbf1a60250047d7222bfe5f178f38")
        (hexrgb :checksum "4df05209b01ef386b2846841ed8652ba4832ad2a")
        (ctable :checksum "48b73742757a3ae5736d825fe49e00034cc453b5")
        (f :checksum "d50dca48929575642912bb5bbb2585709ba38f82")
        (dash :checksum "3df46d7d9fe74f52a661565888e4d31fd760f0df")
        (s :checksum "e957dcb0677da18b2bb60ad867db5df5c35b5616")
        (which-key :checksum "8093644032854b1cdf3245ce4e3c7b6673f741bf")
        (hydra :checksum "317e1de33086637579a7aeb60f77ed0405bf359b")
        (posframe :checksum "3084cb6eb366d26b0f5a4aa9baffb297178be3b8")
        (init-loader :checksum "ecab5a66b40227c4173992adfa5cfeae09f1657e")
        (use-package :checksum "28531e9b94c72ed777803e10e391ea287496ffc2")
        (el-get-lock :checksum "df8cfe55441695865a64b97946750b6413a40425")))
(setq el-get-lock-locked-packages 'nil)
(setq el-get-lock-unlocked-packages
      '(seq el-get))
